
Microsoft Visual Studio Solution File, Format Version 12.00
# Visual Studio 15
VisualStudioVersion = 15.0.27703.2042
MinimumVisualStudioVersion = 10.0.40219.1
Project("{FAE04EC0-301F-11D3-BF4B-00C04F79EFBC}") = "NotePad", "NotePad\NotePad.csproj", "{3F81DBE8-BF95-45F1-9DDE-350D2F675AEF}"
EndProject
Global
	GlobalSection(SolutionConfigurationPlatforms) = preSolution
		Debug|Any CPU = Debug|Any CPU
		Release|Any CPU = Release|Any CPU
	EndGlobalSection
	GlobalSection(ProjectConfigurationPlatforms) = postSolution
		{3F81DBE8-BF95-45F1-9DDE-350D2F675AEF}.Debug|Any CPU.ActiveCfg = Debug|Any CPU
		{3F81DBE8-BF95-45F1-9DDE-350D2F675AEF}.Debug|Any CPU.Build.0 = Debug|Any CPU
		{3F81DBE8-BF95-45F1-9DDE-350D2F675AEF}.Release|Any CPU.ActiveCfg = Release|Any CPU
		{3F81DBE8-BF95-45F1-9DDE-350D2F675AEF}.Release|Any CPU.Build.0 = Release|Any CPU
	EndGlobalSection
	GlobalSection(SolutionProperties) = preSolution
		HideSolutionNode = FALSE
	EndGlobalSection
	GlobalSection(ExtensibilityGlobals) = postSolution
		SolutionGuid = {8D760037-893E-434A-905C-C427493FA124}
	EndGlobalSection
EndGlobal
